
Microsoft Visual Studio Solution File, Format Version 12.00
# Visual Studio Version 16
VisualStudioVersion = 16.0.31729.503
MinimumVisualStudioVersion = 10.0.40219.1
Project("{FAE04EC0-301F-11D3-BF4B-00C04F79EFBC}") = "MVC School Project", "MVC School Project\MVC School Project.csproj", "{A1609B75-525B-4B13-9775-F0F41D79A8B8}"
EndProject
Project("{FAE04EC0-301F-11D3-BF4B-00C04F79EFBC}") = "MVC School Project.Tests", "MVC School Project.Tests\MVC School Project.Tests.csproj", "{6BB74A33-0BE8-4F1E-9106-D9D71BE32619}"
EndProject
Global
	GlobalSection(SolutionConfigurationPlatforms) = preSolution
		Debug|Any CPU = Debug|Any CPU
		Release|Any CPU = Release|Any CPU
	EndGlobalSection
	GlobalSection(ProjectConfigurationPlatforms) = postSolution
		{A1609B75-525B-4B13-9775-F0F41D79A8B8}.Debug|Any CPU.ActiveCfg = Debug|Any CPU
		{A1609B75-525B-4B13-9775-F0F41D79A8B8}.Debug|Any CPU.Build.0 = Debug|Any CPU
		{A1609B75-525B-4B13-9775-F0F41D79A8B8}.Release|Any CPU.ActiveCfg = Release|Any CPU
		{A1609B75-525B-4B13-9775-F0F41D79A8B8}.Release|Any CPU.Build.0 = Release|Any CPU
		{6BB74A33-0BE8-4F1E-9106-D9D71BE32619}.Debug|Any CPU.ActiveCfg = Debug|Any CPU
		{6BB74A33-0BE8-4F1E-9106-D9D71BE32619}.Debug|Any CPU.Build.0 = Debug|Any CPU
		{6BB74A33-0BE8-4F1E-9106-D9D71BE32619}.Release|Any CPU.ActiveCfg = Release|Any CPU
		{6BB74A33-0BE8-4F1E-9106-D9D71BE32619}.Release|Any CPU.Build.0 = Release|Any CPU
	EndGlobalSection
	GlobalSection(SolutionProperties) = preSolution
		HideSolutionNode = FALSE
	EndGlobalSection
	GlobalSection(ExtensibilityGlobals) = postSolution
		SolutionGuid = {1B53D422-F0F5-4F53-A67B-D23DF3E05A67}
	EndGlobalSection
EndGlobal
